{
  "name": "goit-js-hw-08",
  "version": "1.0.0",
  "lockfileVersion": 2,
  "requires": true,
  "packages": {
    "": {
      "name": "goit-js-hw-08",
      "version": "1.0.0",
      "license": "ISC",
      "dependencies": {
        "simplelightbox": "^2.12.1",
        "validator": "^13.9.0"
      }
    },
    "node_modules/simplelightbox": {
      "version": "2.12.1",
      "resolved": "https://registry.npmjs.org/simplelightbox/-/simplelightbox-2.12.1.tgz",
      "integrity": "sha512-eakBM55H6xc6j79tj1Mo82J2GeUyujyOMW26s+Z7HGNMwsXBxA+oQJ0q7w3L9joKAtmceLWZUrnZnQBm4PnfCA=="
    },
    "node_modules/validator": {
      "version": "13.9.0",
      "resolved": "https://registry.npmjs.org/validator/-/validator-13.9.0.tgz",
      "integrity": "sha512-B+dGG8U3fdtM0/aNK4/X8CXq/EcxU2WPrPEkJGslb47qyHsxmbggTWK0yEA4qnYVNF+nxNlN88o14hIcPmSIEA==",
      "engines": {
        "node": ">= 0.10"
      }
    }
  },
  "dependencies": {
    "simplelightbox": {
      "version": "2.12.1",
      "resolved": "https://registry.npmjs.org/simplelightbox/-/simplelightbox-2.12.1.tgz",
      "integrity": "sha512-eakBM55H6xc6j79tj1Mo82J2GeUyujyOMW26s+Z7HGNMwsXBxA+oQJ0q7w3L9joKAtmceLWZUrnZnQBm4PnfCA=="
    },
    "validator": {
      "version": "13.9.0",
      "resolved": "https://registry.npmjs.org/validator/-/validator-13.9.0.tgz",
      "integrity": "sha512-B+dGG8U3fdtM0/aNK4/X8CXq/EcxU2WPrPEkJGslb47qyHsxmbggTWK0yEA4qnYVNF+nxNlN88o14hIcPmSIEA=="
    }
  }
}
